# generated by rye
# use `rye lock` or `rye sync` to update this lockfile
#
# last locked with the following flags:
#   pre: false
#   features: []
#   all-features: false
#   with-sources: false

-e file:.
aiohttp==3.9.5
    # via fsspec
aiosignal==1.3.1
    # via aiohttp
anyio==4.3.0
    # via httpx
    # via jupyter-server
argon2-cffi==23.1.0
    # via jupyter-server
argon2-cffi-bindings==21.2.0
    # via argon2-cffi
arrow==1.3.0
    # via isoduration
asttokens==2.4.1
    # via stack-data
async-lru==2.0.4
    # via jupyterlab
attrs==23.2.0
    # via aiohttp
    # via jsonschema
    # via referencing
babel==2.15.0
    # via jupyterlab-server
beautifulsoup4==4.12.3
    # via nbconvert
black==24.4.2
bleach==6.1.0
    # via nbconvert
certifi==2022.12.7
    # via httpcore
    # via httpx
    # via requests
cffi==1.16.0
    # via argon2-cffi-bindings
charset-normalizer==2.1.1
    # via requests
click==8.1.7
    # via black
colorama==0.4.6
    # via click
    # via ipython
    # via nbdime
    # via tqdm
comm==0.2.2
    # via ipykernel
contourpy==1.2.1
    # via matplotlib
cycler==0.12.1
    # via matplotlib
debugpy==1.8.1
    # via ipykernel
decorator==5.1.1
    # via ipython
defusedxml==0.7.1
    # via nbconvert
diffusers==0.27.2
    # via diffot
executing==2.0.1
    # via stack-data
fastjsonschema==2.19.1
    # via nbformat
filelock==3.13.1
    # via diffusers
    # via huggingface-hub
    # via torch
fonttools==4.51.0
    # via matplotlib
fqdn==1.5.1
    # via jsonschema
frozenlist==1.4.1
    # via aiohttp
    # via aiosignal
fsspec==2024.2.0
    # via huggingface-hub
    # via lightning
    # via pytorch-lightning
    # via torch
gitdb==4.0.11
    # via gitpython
gitpython==3.1.43
    # via nbdime
h11==0.14.0
    # via httpcore
h5py==3.11.0
    # via diffot
httpcore==1.0.5
    # via httpx
httpx==0.27.0
    # via jupyterlab
huggingface-hub==0.23.0
    # via diffusers
idna==3.4
    # via anyio
    # via httpx
    # via jsonschema
    # via requests
    # via yarl
importlib-metadata==7.1.0
    # via diffusers
intel-openmp==2021.4.0
    # via mkl
ipykernel==6.29.4
    # via jupyterlab
ipython==8.24.0
    # via ipykernel
isoduration==20.11.0
    # via jsonschema
isort==5.13.2
jedi==0.19.1
    # via ipython
jinja2==3.1.3
    # via jupyter-server
    # via jupyterlab
    # via jupyterlab-server
    # via nbconvert
    # via nbdime
    # via torch
joblib==1.4.2
    # via scikit-learn
json5==0.9.25
    # via jupyterlab-server
jsonpointer==2.4
    # via jsonschema
jsonschema==4.22.0
    # via jupyter-events
    # via jupyterlab-server
    # via nbformat
jsonschema-specifications==2023.12.1
    # via jsonschema
jupyter-client==8.6.1
    # via ipykernel
    # via jupyter-server
    # via nbclient
jupyter-core==5.7.2
    # via ipykernel
    # via jupyter-client
    # via jupyter-server
    # via jupyterlab
    # via nbclient
    # via nbconvert
    # via nbformat
jupyter-events==0.10.0
    # via jupyter-server
jupyter-lsp==2.2.5
    # via jupyterlab
    # via jupyterlab-lsp
jupyter-server==2.14.0
    # via jupyter-lsp
    # via jupyter-server-mathjax
    # via jupyterlab
    # via jupyterlab-code-formatter
    # via jupyterlab-git
    # via jupyterlab-server
    # via nbdime
    # via notebook-shim
jupyter-server-mathjax==0.2.6
    # via nbdime
jupyter-server-terminals==0.5.3
    # via jupyter-server
jupyterlab==4.2.0
    # via jupyterlab-execute-time
    # via jupyterlab-lsp
jupyterlab-code-formatter==2.2.1
jupyterlab-execute-time==3.1.2
jupyterlab-git==0.50.1
jupyterlab-lsp==5.1.0
jupyterlab-pygments==0.3.0
    # via nbconvert
jupyterlab-server==2.27.1
    # via jupyterlab
kiwisolver==1.4.5
    # via matplotlib
lightning==2.2.4
    # via diffot
lightning-utilities==0.11.2
    # via lightning
    # via pytorch-lightning
    # via torchmetrics
markupsafe==2.1.5
    # via jinja2
    # via nbconvert
matplotlib==3.9.0
    # via diffot
matplotlib-inline==0.1.7
    # via ipykernel
    # via ipython
mistune==3.0.2
    # via nbconvert
mkl==2021.4.0
    # via torch
mpmath==1.3.0
    # via sympy
multidict==6.0.5
    # via aiohttp
    # via yarl
mypy-extensions==1.0.0
    # via black
nbclient==0.10.0
    # via nbconvert
nbconvert==7.16.4
    # via jupyter-server
nbdime==4.0.1
    # via jupyterlab-git
nbformat==5.10.4
    # via jupyter-server
    # via jupyterlab-git
    # via nbclient
    # via nbconvert
    # via nbdime
nest-asyncio==1.6.0
    # via ipykernel
networkx==3.2.1
    # via torch
notebook-shim==0.2.4
    # via jupyterlab
numpy==1.26.3
    # via contourpy
    # via diffot
    # via diffusers
    # via h5py
    # via lightning
    # via matplotlib
    # via pandas
    # via pot
    # via pytorch-lightning
    # via scikit-learn
    # via scipy
    # via torchmetrics
    # via torchvision
overrides==7.7.0
    # via jupyter-server
packaging==22.0
    # via black
    # via huggingface-hub
    # via ipykernel
    # via jupyter-server
    # via jupyterlab
    # via jupyterlab-code-formatter
    # via jupyterlab-git
    # via jupyterlab-server
    # via lightning
    # via lightning-utilities
    # via matplotlib
    # via nbconvert
    # via pytorch-lightning
    # via torchmetrics
pandas==2.2.2
    # via diffot
pandocfilters==1.5.1
    # via nbconvert
parso==0.8.4
    # via jedi
pathspec==0.12.1
    # via black
pexpect==4.9.0
    # via jupyterlab-git
pillow==10.2.0
    # via diffot
    # via diffusers
    # via matplotlib
    # via torchvision
platformdirs==4.2.2
    # via black
    # via jupyter-core
pot==0.9.3
    # via diffot
prometheus-client==0.20.0
    # via jupyter-server
prompt-toolkit==3.0.43
    # via ipython
psutil==5.9.8
    # via ipykernel
ptyprocess==0.7.0
    # via pexpect
pure-eval==0.2.2
    # via stack-data
pycparser==2.22
    # via cffi
pygments==2.18.0
    # via ipython
    # via nbconvert
    # via nbdime
pyparsing==3.1.2
    # via matplotlib
python-dateutil==2.9.0.post0
    # via arrow
    # via jupyter-client
    # via matplotlib
    # via pandas
python-json-logger==2.0.7
    # via jupyter-events
pytorch-lightning==2.2.4
    # via lightning
pytz==2024.1
    # via pandas
pywin32==306
    # via jupyter-core
pywinpty==2.0.13
    # via jupyter-server
    # via jupyter-server-terminals
    # via terminado
pyyaml==6.0.1
    # via huggingface-hub
    # via jupyter-events
    # via lightning
    # via pytorch-lightning
pyzmq==26.0.3
    # via ipykernel
    # via jupyter-client
    # via jupyter-server
referencing==0.35.1
    # via jsonschema
    # via jsonschema-specifications
    # via jupyter-events
regex==2024.5.15
    # via diffusers
requests @ git+https://github.com/psf/requests.git@9a40d1277807f0a4f26c9a37eea8ec90faa8aadc
    # via diffusers
    # via huggingface-hub
    # via jupyterlab-server
    # via nbdime
rfc3339-validator==0.1.4
    # via jsonschema
    # via jupyter-events
rfc3986-validator==0.1.1
    # via jsonschema
    # via jupyter-events
rpds-py==0.18.1
    # via jsonschema
    # via referencing
safetensors==0.4.3
    # via diffusers
scikit-learn==1.4.2
    # via diffot
scipy==1.13.0
    # via diffot
    # via pot
    # via scikit-learn
send2trash==1.8.3
    # via jupyter-server
setuptools==69.5.1
    # via lightning-utilities
six==1.16.0
    # via asttokens
    # via bleach
    # via python-dateutil
    # via rfc3339-validator
smmap==5.0.1
    # via gitdb
sniffio==1.3.1
    # via anyio
    # via httpx
soupsieve==2.5
    # via beautifulsoup4
stack-data==0.6.3
    # via ipython
sympy==1.12
    # via torch
tbb==2021.11.0
    # via mkl
terminado==0.18.1
    # via jupyter-server
    # via jupyter-server-terminals
threadpoolctl==3.5.0
    # via scikit-learn
tinycss2==1.3.0
    # via nbconvert
torch==2.3.0+cu121
    # via diffot
    # via lightning
    # via pytorch-lightning
    # via torchmetrics
    # via torchvision
torchmetrics==1.0.3
    # via lightning
    # via pytorch-lightning
torchvision==0.18.0+cu121
    # via diffot
tornado==6.4
    # via ipykernel
    # via jupyter-client
    # via jupyter-server
    # via jupyterlab
    # via nbdime
    # via terminado
tqdm==4.64.1
    # via diffot
    # via huggingface-hub
    # via lightning
    # via pytorch-lightning
traitlets==5.14.3
    # via comm
    # via ipykernel
    # via ipython
    # via jupyter-client
    # via jupyter-core
    # via jupyter-events
    # via jupyter-server
    # via jupyterlab
    # via jupyterlab-git
    # via matplotlib-inline
    # via nbclient
    # via nbconvert
    # via nbformat
types-python-dateutil==2.9.0.20240316
    # via arrow
typing-extensions==4.9.0
    # via huggingface-hub
    # via lightning
    # via lightning-utilities
    # via pytorch-lightning
    # via torch
tzdata==2024.1
    # via pandas
uri-template==1.3.0
    # via jsonschema
urllib3==1.26.13
    # via requests
wcwidth==0.2.13
    # via prompt-toolkit
webcolors==1.13
    # via jsonschema
webencodings==0.5.1
    # via bleach
    # via tinycss2
websocket-client==1.8.0
    # via jupyter-server
yarl==1.9.4
    # via aiohttp
zipp==3.18.2
    # via importlib-metadata
